// !$*UTF8*$!
{
	archiveVersion = 1;
	classes = {
	};
	objectVersion = 56;
	objects = {

/* Begin PBXBuildFile section */
		8C4B32062A770C300090EF17 /* DiffusionImage+iOS.swift in Sources */ = {isa = PBXBuildFile; fileRef = 8C4B32052A770C300090EF17 /* DiffusionImage+iOS.swift */; };
		8C4B32082A77F90C0090EF17 /* Utils_iOS.swift in Sources */ = {isa = PBXBuildFile; fileRef = 8C4B32072A77F90C0090EF17 /* Utils_iOS.swift */; };
		8CD8A53C2A476E2C00BD8A98 /* PromptTextField.swift in Sources */ = {isa = PBXBuildFile; fileRef = 8CD8A5392A456EF800BD8A98 /* PromptTextField.swift */; };
		8CEEB7D92A54C88C00C23829 /* DiffusionImage.swift in Sources */ = {isa = PBXBuildFile; fileRef = 8CEEB7D82A54C88C00C23829 /* DiffusionImage.swift */; };
		D6046BCA2D1783D60095B686 /* ZIPFoundation in Frameworks */ = {isa = PBXBuildFile; productRef = D6046BC92D1783D60095B686 /* ZIPFoundation */; };
		D6046BCD2D17842F0095B686 /* StableDiffusion in Frameworks */ = {isa = PBXBuildFile; productRef = D6046BCC2D17842F0095B686 /* StableDiffusion */; };
		D6046BD02D1784840095B686 /* ColorfulX in Frameworks */ = {isa = PBXBuildFile; productRef = D6046BCF2D1784840095B686 /* ColorfulX */; };
		D631E8A32D18D779004B4D37 /* main.swift in Sources */ = {isa = PBXBuildFile; fileRef = D631E8A22D18D779004B4D37 /* main.swift */; };
		EBB5BA5329425BEE003A2A5B /* PipelineLoader.swift in Sources */ = {isa = PBXBuildFile; fileRef = EBB5BA5229425BEE003A2A5B /* PipelineLoader.swift */; };
		EBB5BA5A29426E06003A2A5B /* Downloader.swift in Sources */ = {isa = PBXBuildFile; fileRef = EBB5BA5929426E06003A2A5B /* Downloader.swift */; };
		EBDD7DB32973200200C1C4B2 /* Utils.swift in Sources */ = {isa = PBXBuildFile; fileRef = EBDD7DB22973200200C1C4B2 /* Utils.swift */; };
		EBDD7DB82976AAFE00C1C4B2 /* State.swift in Sources */ = {isa = PBXBuildFile; fileRef = EBDD7DB72976AAFE00C1C4B2 /* State.swift */; };
		EBE3FF4C295E1EFE00E921AA /* ModelInfo.swift in Sources */ = {isa = PBXBuildFile; fileRef = EBE3FF4B295E1EFE00E921AA /* ModelInfo.swift */; };
		EBE755C9293E37DD00806B32 /* DiffusionApp.swift in Sources */ = {isa = PBXBuildFile; fileRef = EBE755C8293E37DD00806B32 /* DiffusionApp.swift */; };
		EBE755CB293E37DD00806B32 /* TextToImage.swift in Sources */ = {isa = PBXBuildFile; fileRef = EBE755CA293E37DD00806B32 /* TextToImage.swift */; };
		EBE755CD293E37DD00806B32 /* Assets.xcassets in Resources */ = {isa = PBXBuildFile; fileRef = EBE755CC293E37DD00806B32 /* Assets.xcassets */; };
		EBE755D1293E37DD00806B32 /* Preview Assets.xcassets in Resources */ = {isa = PBXBuildFile; fileRef = EBE755D0293E37DD00806B32 /* Preview Assets.xcassets */; };
		EBE755DB293E37DE00806B32 /* DiffusionTests.swift in Sources */ = {isa = PBXBuildFile; fileRef = EBE755DA293E37DE00806B32 /* DiffusionTests.swift */; };
		EBE755E5293E37DE00806B32 /* DiffusionUITests.swift in Sources */ = {isa = PBXBuildFile; fileRef = EBE755E4293E37DE00806B32 /* DiffusionUITests.swift */; };
		EBE755E7293E37DE00806B32 /* DiffusionUITestsLaunchTests.swift in Sources */ = {isa = PBXBuildFile; fileRef = EBE755E6293E37DE00806B32 /* DiffusionUITestsLaunchTests.swift */; };
		EBE75602293E91E200806B32 /* Pipeline.swift in Sources */ = {isa = PBXBuildFile; fileRef = EBE75601293E91E200806B32 /* Pipeline.swift */; };
		EBE756092941178600806B32 /* Loading.swift in Sources */ = {isa = PBXBuildFile; fileRef = EBE756082941178600806B32 /* Loading.swift */; };
/* End PBXBuildFile section */

/* Begin PBXContainerItemProxy section */
		EBE755D7293E37DE00806B32 /* PBXContainerItemProxy */ = {
			isa = PBXContainerItemProxy;
			containerPortal = EBE755BD293E37DD00806B32 /* Project object */;
			proxyType = 1;
			remoteGlobalIDString = EBE755C4293E37DD00806B32;
			remoteInfo = Diffusion;
		};
		EBE755E1293E37DE00806B32 /* PBXContainerItemProxy */ = {
			isa = PBXContainerItemProxy;
			containerPortal = EBE755BD293E37DD00806B32 /* Project object */;
			proxyType = 1;
			remoteGlobalIDString = EBE755C4293E37DD00806B32;
			remoteInfo = Diffusion;
		};
/* End PBXContainerItemProxy section */

/* Begin PBXFileReference section */
		8C4B32052A770C300090EF17 /* DiffusionImage+iOS.swift */ = {isa = PBXFileReference; lastKnownFileType = sourcecode.swift; path = "DiffusionImage+iOS.swift"; sourceTree = "<group>"; };
		8C4B32072A77F90C0090EF17 /* Utils_iOS.swift */ = {isa = PBXFileReference; lastKnownFileType = sourcecode.swift; path = Utils_iOS.swift; sourceTree = "<group>"; };
		8CD8A5392A456EF800BD8A98 /* PromptTextField.swift */ = {isa = PBXFileReference; fileEncoding = 4; lastKnownFileType = sourcecode.swift; path = PromptTextField.swift; sourceTree = "<group>"; };
		8CEEB7D82A54C88C00C23829 /* DiffusionImage.swift */ = {isa = PBXFileReference; fileEncoding = 4; lastKnownFileType = sourcecode.swift; path = DiffusionImage.swift; sourceTree = "<group>"; };
		D631E8A22D18D779004B4D37 /* main.swift */ = {isa = PBXFileReference; lastKnownFileType = sourcecode.swift; path = main.swift; sourceTree = "<group>"; };
		EB33A51E2954E1BC00B16357 /* Info.plist */ = {isa = PBXFileReference; lastKnownFileType = text.plist; path = Info.plist; sourceTree = "<group>"; };
		EBB5BA5229425BEE003A2A5B /* PipelineLoader.swift */ = {isa = PBXFileReference; lastKnownFileType = sourcecode.swift; path = PipelineLoader.swift; sourceTree = "<group>"; };
		EBB5BA5929426E06003A2A5B /* Downloader.swift */ = {isa = PBXFileReference; lastKnownFileType = sourcecode.swift; path = Downloader.swift; sourceTree = "<group>"; };
		EBDD7DB22973200200C1C4B2 /* Utils.swift */ = {isa = PBXFileReference; lastKnownFileType = sourcecode.swift; path = Utils.swift; sourceTree = "<group>"; };
		EBDD7DB72976AAFE00C1C4B2 /* State.swift */ = {isa = PBXFileReference; lastKnownFileType = sourcecode.swift; path = State.swift; sourceTree = "<group>"; };
		EBDD7DBA2976F03600C1C4B2 /* debug.xcconfig */ = {isa = PBXFileReference; lastKnownFileType = text.xcconfig; name = debug.xcconfig; path = config/debug.xcconfig; sourceTree = "<group>"; };
		EBE3FF4A295DFE2400E921AA /* common.xcconfig */ = {isa = PBXFileReference; lastKnownFileType = text.xcconfig; name = common.xcconfig; path = config/common.xcconfig; sourceTree = "<group>"; };
		EBE3FF4B295E1EFE00E921AA /* ModelInfo.swift */ = {isa = PBXFileReference; lastKnownFileType = sourcecode.swift; path = ModelInfo.swift; sourceTree = "<group>"; };
		EBE4438729488DCA00CDA605 /* README.md */ = {isa = PBXFileReference; lastKnownFileType = net.daringfireball.markdown; path = README.md; sourceTree = "<group>"; };
		EBE443892948953600CDA605 /* LICENSE */ = {isa = PBXFileReference; lastKnownFileType = text; path = LICENSE; sourceTree = "<group>"; };
		EBE755C5293E37DD00806B32 /* Swingset.app */ = {isa = PBXFileReference; explicitFileType = wrapper.application; includeInIndex = 0; path = Swingset.app; sourceTree = BUILT_PRODUCTS_DIR; };
		EBE755C8293E37DD00806B32 /* DiffusionApp.swift */ = {isa = PBXFileReference; lastKnownFileType = sourcecode.swift; path = DiffusionApp.swift; sourceTree = "<group>"; };
		EBE755CA293E37DD00806B32 /* TextToImage.swift */ = {isa = PBXFileReference; lastKnownFileType = sourcecode.swift; path = TextToImage.swift; sourceTree = "<group>"; };
		EBE755CC293E37DD00806B32 /* Assets.xcassets */ = {isa = PBXFileReference; lastKnownFileType = folder.assetcatalog; path = Assets.xcassets; sourceTree = "<group>"; };
		EBE755CE293E37DD00806B32 /* Diffusion.entitlements */ = {isa = PBXFileReference; lastKnownFileType = text.plist.entitlements; path = Diffusion.entitlements; sourceTree = "<group>"; };
		EBE755D0293E37DD00806B32 /* Preview Assets.xcassets */ = {isa = PBXFileReference; lastKnownFileType = folder.assetcatalog; path = "Preview Assets.xcassets"; sourceTree = "<group>"; };
		EBE755D6293E37DE00806B32 /* SwingsetTests.xctest */ = {isa = PBXFileReference; explicitFileType = wrapper.cfbundle; includeInIndex = 0; path = SwingsetTests.xctest; sourceTree = BUILT_PRODUCTS_DIR; };
		EBE755DA293E37DE00806B32 /* DiffusionTests.swift */ = {isa = PBXFileReference; lastKnownFileType = sourcecode.swift; path = DiffusionTests.swift; sourceTree = "<group>"; };
		EBE755E0293E37DE00806B32 /* SwingsetUITests.xctest */ = {isa = PBXFileReference; explicitFileType = wrapper.cfbundle; includeInIndex = 0; path = SwingsetUITests.xctest; sourceTree = BUILT_PRODUCTS_DIR; };
		EBE755E4293E37DE00806B32 /* DiffusionUITests.swift */ = {isa = PBXFileReference; lastKnownFileType = sourcecode.swift; path = DiffusionUITests.swift; sourceTree = "<group>"; };
		EBE755E6293E37DE00806B32 /* DiffusionUITestsLaunchTests.swift */ = {isa = PBXFileReference; lastKnownFileType = sourcecode.swift; path = DiffusionUITestsLaunchTests.swift; sourceTree = "<group>"; };
		EBE75601293E91E200806B32 /* Pipeline.swift */ = {isa = PBXFileReference; lastKnownFileType = sourcecode.swift; path = Pipeline.swift; sourceTree = "<group>"; };
		EBE756082941178600806B32 /* Loading.swift */ = {isa = PBXFileReference; lastKnownFileType = sourcecode.swift; path = Loading.swift; sourceTree = "<group>"; };
/* End PBXFileReference section */

/* Begin PBXFrameworksBuildPhase section */
		EBE755C2293E37DD00806B32 /* Frameworks */ = {
			isa = PBXFrameworksBuildPhase;
			buildActionMask = 2147483647;
			files = (
				D6046BCA2D1783D60095B686 /* ZIPFoundation in Frameworks */,
				D6046BD02D1784840095B686 /* ColorfulX in Frameworks */,
				D6046BCD2D17842F0095B686 /* StableDiffusion in Frameworks */,
			);
			runOnlyForDeploymentPostprocessing = 0;
		};
		EBE755D3293E37DE00806B32 /* Frameworks */ = {
			isa = PBXFrameworksBuildPhase;
			buildActionMask = 2147483647;
			files = (
			);
			runOnlyForDeploymentPostprocessing = 0;
		};
		EBE755DD293E37DE00806B32 /* Frameworks */ = {
			isa = PBXFrameworksBuildPhase;
			buildActionMask = 2147483647;
			files = (
			);
			runOnlyForDeploymentPostprocessing = 0;
		};
/* End PBXFrameworksBuildPhase section */

/* Begin PBXGroup section */
		8CD8A53B2A476E1C00BD8A98 /* Views */ = {
			isa = PBXGroup;
			children = (
				8CD8A5392A456EF800BD8A98 /* PromptTextField.swift */,
			);
			path = Views;
			sourceTree = "<group>";
		};
		8CF53E022A44AE0400E6358B /* Common */ = {
			isa = PBXGroup;
			children = (
				EBB5BA5929426E06003A2A5B /* Downloader.swift */,
				EBE3FF4B295E1EFE00E921AA /* ModelInfo.swift */,
				EBDD7DB72976AAFE00C1C4B2 /* State.swift */,
				EBDD7DB22973200200C1C4B2 /* Utils.swift */,
				8CEEB7D82A54C88C00C23829 /* DiffusionImage.swift */,
				EBB5BA5129425B07003A2A5B /* Pipeline */,
				8CD8A53B2A476E1C00BD8A98 /* Views */,
			);
			name = Common;
			path = Diffusion/Common;
			sourceTree = "<group>";
		};
		EBB5BA5129425B07003A2A5B /* Pipeline */ = {
			isa = PBXGroup;
			children = (
				EBE75601293E91E200806B32 /* Pipeline.swift */,
				EBB5BA5229425BEE003A2A5B /* PipelineLoader.swift */,
			);
			path = Pipeline;
			sourceTree = "<group>";
		};
		EBE755BC293E37DD00806B32 = {
			isa = PBXGroup;
			children = (
				EBE3FF4A295DFE2400E921AA /* common.xcconfig */,
				EBDD7DBA2976F03600C1C4B2 /* debug.xcconfig */,
				EBE4438729488DCA00CDA605 /* README.md */,
				EBE443892948953600CDA605 /* LICENSE */,
				EBE755FF293E910800806B32 /* Packages */,
				8CF53E022A44AE0400E6358B /* Common */,
				EBE755C7293E37DD00806B32 /* Diffusion */,
				EBE755D9293E37DE00806B32 /* DiffusionTests */,
				EBE755E3293E37DE00806B32 /* DiffusionUITests */,
				EBE755C6293E37DD00806B32 /* Products */,
				EBE75603293E93BB00806B32 /* Frameworks */,
			);
			sourceTree = "<group>";
		};
		EBE755C6293E37DD00806B32 /* Products */ = {
			isa = PBXGroup;
			children = (
				EBE755C5293E37DD00806B32 /* Swingset.app */,
				EBE755D6293E37DE00806B32 /* SwingsetTests.xctest */,
				EBE755E0293E37DE00806B32 /* SwingsetUITests.xctest */,
			);
			name = Products;
			sourceTree = "<group>";
		};
		EBE755C7293E37DD00806B32 /* Diffusion */ = {
			isa = PBXGroup;
			children = (
				EB33A51E2954E1BC00B16357 /* Info.plist */,
				EBE7560A29411A5E00806B32 /* Views */,
				EBE755C8293E37DD00806B32 /* DiffusionApp.swift */,
				D631E8A22D18D779004B4D37 /* main.swift */,
				EBE755CC293E37DD00806B32 /* Assets.xcassets */,
				EBE755CE293E37DD00806B32 /* Diffusion.entitlements */,
				EBE755CF293E37DD00806B32 /* Preview Content */,
				8C4B32052A770C300090EF17 /* DiffusionImage+iOS.swift */,
				8C4B32072A77F90C0090EF17 /* Utils_iOS.swift */,
			);
			path = Diffusion;
			sourceTree = "<group>";
		};
		EBE755CF293E37DD00806B32 /* Preview Content */ = {
			isa = PBXGroup;
			children = (
				EBE755D0293E37DD00806B32 /* Preview Assets.xcassets */,
			);
			path = "Preview Content";
			sourceTree = "<group>";
		};
		EBE755D9293E37DE00806B32 /* DiffusionTests */ = {
			isa = PBXGroup;
			children = (
				EBE755DA293E37DE00806B32 /* DiffusionTests.swift */,
			);
			path = DiffusionTests;
			sourceTree = "<group>";
		};
		EBE755E3293E37DE00806B32 /* DiffusionUITests */ = {
			isa = PBXGroup;
			children = (
				EBE755E4293E37DE00806B32 /* DiffusionUITests.swift */,
				EBE755E6293E37DE00806B32 /* DiffusionUITestsLaunchTests.swift */,
			);
			path = DiffusionUITests;
			sourceTree = "<group>";
		};
		EBE755FF293E910800806B32 /* Packages */ = {
			isa = PBXGroup;
			children = (
			);
			name = Packages;
			sourceTree = "<group>";
		};
		EBE75603293E93BB00806B32 /* Frameworks */ = {
			isa = PBXGroup;
			children = (
			);
			name = Frameworks;
			sourceTree = "<group>";
		};
		EBE7560A29411A5E00806B32 /* Views */ = {
			isa = PBXGroup;
			children = (
				EBE756082941178600806B32 /* Loading.swift */,
				EBE755CA293E37DD00806B32 /* TextToImage.swift */,
			);
			path = Views;
			sourceTree = "<group>";
		};
/* End PBXGroup section */

/* Begin PBXNativeTarget section */
		EBE755C4293E37DD00806B32 /* Swingset */ = {
			isa = PBXNativeTarget;
			buildConfigurationList = EBE755EA293E37DE00806B32 /* Build configuration list for PBXNativeTarget "Swingset" */;
			buildPhases = (
				EBE755C1293E37DD00806B32 /* Sources */,
				EBE755C2293E37DD00806B32 /* Frameworks */,
				EBE755C3293E37DD00806B32 /* Resources */,
			);
			buildRules = (
			);
			dependencies = (
				EBF61AB32A2F976600482CF3 /* PBXTargetDependency */,
			);
			name = Swingset;
			packageProductDependencies = (
				D6046BC92D1783D60095B686 /* ZIPFoundation */,
				D6046BCC2D17842F0095B686 /* StableDiffusion */,
				D6046BCF2D1784840095B686 /* ColorfulX */,
			);
			productName = Diffusion;
			productReference = EBE755C5293E37DD00806B32 /* Swingset.app */;
			productType = "com.apple.product-type.application";
		};
		EBE755D5293E37DE00806B32 /* SwingsetTests */ = {
			isa = PBXNativeTarget;
			buildConfigurationList = EBE755ED293E37DE00806B32 /* Build configuration list for PBXNativeTarget "SwingsetTests" */;
			buildPhases = (
				EBE755D2293E37DE00806B32 /* Sources */,
				EBE755D3293E37DE00806B32 /* Frameworks */,
				EBE755D4293E37DE00806B32 /* Resources */,
			);
			buildRules = (
			);
			dependencies = (
				EBE755D8293E37DE00806B32 /* PBXTargetDependency */,
			);
			name = SwingsetTests;
			productName = DiffusionTests;
			productReference = EBE755D6293E37DE00806B32 /* SwingsetTests.xctest */;
			productType = "com.apple.product-type.bundle.unit-test";
		};
		EBE755DF293E37DE00806B32 /* SwingsetUITests */ = {
			isa = PBXNativeTarget;
			buildConfigurationList = EBE755F0293E37DE00806B32 /* Build configuration list for PBXNativeTarget "SwingsetUITests" */;
			buildPhases = (
				EBE755DC293E37DE00806B32 /* Sources */,
				EBE755DD293E37DE00806B32 /* Frameworks */,
				EBE755DE293E37DE00806B32 /* Resources */,
			);
			buildRules = (
			);
			dependencies = (
				EBE755E2293E37DE00806B32 /* PBXTargetDependency */,
			);
			name = SwingsetUITests;
			productName = DiffusionUITests;
			productReference = EBE755E0293E37DE00806B32 /* SwingsetUITests.xctest */;
			productType = "com.apple.product-type.bundle.ui-testing";
		};
/* End PBXNativeTarget section */

/* Begin PBXProject section */
		EBE755BD293E37DD00806B32 /* Project object */ = {
			isa = PBXProject;
			attributes = {
				BuildIndependentTargetsInParallel = 1;
				LastSwiftUpdateCheck = 1420;
				LastUpgradeCheck = 1610;
				TargetAttributes = {
					EBE755C4293E37DD00806B32 = {
						CreatedOnToolsVersion = 14.1;
					};
					EBE755D5293E37DE00806B32 = {
						CreatedOnToolsVersion = 14.1;
						TestTargetID = EBE755C4293E37DD00806B32;
					};
					EBE755DF293E37DE00806B32 = {
						CreatedOnToolsVersion = 14.1;
						TestTargetID = EBE755C4293E37DD00806B32;
					};
				};
			};
			buildConfigurationList = EBE755C0293E37DD00806B32 /* Build configuration list for PBXProject "Swingset" */;
			compatibilityVersion = "Xcode 14.0";
			developmentRegion = en;
			hasScannedForEncodings = 0;
			knownRegions = (
				en,
				Base,
			);
			mainGroup = EBE755BC293E37DD00806B32;
			packageReferences = (
				F155203A297118E600DC009B /* XCRemoteSwiftPackageReference "CompactSlider" */,
				D6046BC82D1783D60095B686 /* XCRemoteSwiftPackageReference "ZIPFoundation" */,
				D6046BCB2D17842F0095B686 /* XCRemoteSwiftPackageReference "ml-stable-diffusion" */,
				D6046BCE2D1784840095B686 /* XCRemoteSwiftPackageReference "ColorfulX" */,
			);
			productRefGroup = EBE755C6293E37DD00806B32 /* Products */;
			projectDirPath = "";
			projectRoot = "";
			targets = (
				EBE755C4293E37DD00806B32 /* Swingset */,
				EBE755D5293E37DE00806B32 /* SwingsetTests */,
				EBE755DF293E37DE00806B32 /* SwingsetUITests */,
			);
		};
/* End PBXProject section */

/* Begin PBXResourcesBuildPhase section */
		EBE755C3293E37DD00806B32 /* Resources */ = {
			isa = PBXResourcesBuildPhase;
			buildActionMask = 2147483647;
			files = (
				EBE755D1293E37DD00806B32 /* Preview Assets.xcassets in Resources */,
				EBE755CD293E37DD00806B32 /* Assets.xcassets in Resources */,
			);
			runOnlyForDeploymentPostprocessing = 0;
		};
		EBE755D4293E37DE00806B32 /* Resources */ = {
			isa = PBXResourcesBuildPhase;
			buildActionMask = 2147483647;
			files = (
			);
			runOnlyForDeploymentPostprocessing = 0;
		};
		EBE755DE293E37DE00806B32 /* Resources */ = {
			isa = PBXResourcesBuildPhase;
			buildActionMask = 2147483647;
			files = (
			);
			runOnlyForDeploymentPostprocessing = 0;
		};
/* End PBXResourcesBuildPhase section */

/* Begin PBXSourcesBuildPhase section */
		EBE755C1293E37DD00806B32 /* Sources */ = {
			isa = PBXSourcesBuildPhase;
			buildActionMask = 2147483647;
			files = (
				EBE75602293E91E200806B32 /* Pipeline.swift in Sources */,
				EBE755CB293E37DD00806B32 /* TextToImage.swift in Sources */,
				EBB5BA5A29426E06003A2A5B /* Downloader.swift in Sources */,
				8C4B32062A770C300090EF17 /* DiffusionImage+iOS.swift in Sources */,
				8CEEB7D92A54C88C00C23829 /* DiffusionImage.swift in Sources */,
				EBE3FF4C295E1EFE00E921AA /* ModelInfo.swift in Sources */,
				EBE756092941178600806B32 /* Loading.swift in Sources */,
				8C4B32082A77F90C0090EF17 /* Utils_iOS.swift in Sources */,
				D631E8A32D18D779004B4D37 /* main.swift in Sources */,
				EBDD7DB82976AAFE00C1C4B2 /* State.swift in Sources */,
				EBB5BA5329425BEE003A2A5B /* PipelineLoader.swift in Sources */,
				8CD8A53C2A476E2C00BD8A98 /* PromptTextField.swift in Sources */,
				EBE755C9293E37DD00806B32 /* DiffusionApp.swift in Sources */,
				EBDD7DB32973200200C1C4B2 /* Utils.swift in Sources */,
			);
			runOnlyForDeploymentPostprocessing = 0;
		};
		EBE755D2293E37DE00806B32 /* Sources */ = {
			isa = PBXSourcesBuildPhase;
			buildActionMask = 2147483647;
			files = (
				EBE755DB293E37DE00806B32 /* DiffusionTests.swift in Sources */,
			);
			runOnlyForDeploymentPostprocessing = 0;
		};
		EBE755DC293E37DE00806B32 /* Sources */ = {
			isa = PBXSourcesBuildPhase;
			buildActionMask = 2147483647;
			files = (
				EBE755E7293E37DE00806B32 /* DiffusionUITestsLaunchTests.swift in Sources */,
				EBE755E5293E37DE00806B32 /* DiffusionUITests.swift in Sources */,
			);
			runOnlyForDeploymentPostprocessing = 0;
		};
/* End PBXSourcesBuildPhase section */

/* Begin PBXTargetDependency section */
		EBE755D8293E37DE00806B32 /* PBXTargetDependency */ = {
			isa = PBXTargetDependency;
			target = EBE755C4293E37DD00806B32 /* Swingset */;
			targetProxy = EBE755D7293E37DE00806B32 /* PBXContainerItemProxy */;
		};
		EBE755E2293E37DE00806B32 /* PBXTargetDependency */ = {
			isa = PBXTargetDependency;
			target = EBE755C4293E37DD00806B32 /* Swingset */;
			targetProxy = EBE755E1293E37DE00806B32 /* PBXContainerItemProxy */;
		};
		EBF61AB32A2F976600482CF3 /* PBXTargetDependency */ = {
			isa = PBXTargetDependency;
			productRef = EBF61AB22A2F976600482CF3 /* StableDiffusion */;
		};
/* End PBXTargetDependency section */

/* Begin XCBuildConfiguration section */
		EBE755E8293E37DE00806B32 /* Debug */ = {
			isa = XCBuildConfiguration;
			buildSettings = {
				ALWAYS_SEARCH_USER_PATHS = NO;
				CLANG_ANALYZER_NONNULL = YES;
				CLANG_ANALYZER_NUMBER_OBJECT_CONVERSION = YES_AGGRESSIVE;
				CLANG_CXX_LANGUAGE_STANDARD = "gnu++20";
				CLANG_ENABLE_MODULES = YES;
				CLANG_ENABLE_OBJC_ARC = YES;
				CLANG_ENABLE_OBJC_WEAK = YES;
				CLANG_WARN_BLOCK_CAPTURE_AUTORELEASING = YES;
				CLANG_WARN_BOOL_CONVERSION = YES;
				CLANG_WARN_COMMA = YES;
				CLANG_WARN_CONSTANT_CONVERSION = YES;
				CLANG_WARN_DEPRECATED_OBJC_IMPLEMENTATIONS = YES;
				CLANG_WARN_DIRECT_OBJC_ISA_USAGE = YES_ERROR;
				CLANG_WARN_DOCUMENTATION_COMMENTS = YES;
				CLANG_WARN_EMPTY_BODY = YES;
				CLANG_WARN_ENUM_CONVERSION = YES;
				CLANG_WARN_INFINITE_RECURSION = YES;
				CLANG_WARN_INT_CONVERSION = YES;
				CLANG_WARN_NON_LITERAL_NULL_CONVERSION = YES;
				CLANG_WARN_OBJC_IMPLICIT_RETAIN_SELF = YES;
				CLANG_WARN_OBJC_LITERAL_CONVERSION = YES;
				CLANG_WARN_OBJC_ROOT_CLASS = YES_ERROR;
				CLANG_WARN_QUOTED_INCLUDE_IN_FRAMEWORK_HEADER = YES;
				CLANG_WARN_RANGE_LOOP_ANALYSIS = YES;
				CLANG_WARN_STRICT_PROTOTYPES = YES;
				CLANG_WARN_SUSPICIOUS_MOVE = YES;
				CLANG_WARN_UNGUARDED_AVAILABILITY = YES_AGGRESSIVE;
				CLANG_WARN_UNREACHABLE_CODE = YES;
				CLANG_WARN__DUPLICATE_METHOD_MATCH = YES;
				COPY_PHASE_STRIP = NO;
				DEAD_CODE_STRIPPING = YES;
				DEBUG_INFORMATION_FORMAT = dwarf;
				ENABLE_STRICT_OBJC_MSGSEND = YES;
				ENABLE_TESTABILITY = YES;
				ENABLE_USER_SCRIPT_SANDBOXING = YES;
				GCC_C_LANGUAGE_STANDARD = gnu11;
				GCC_DYNAMIC_NO_PIC = NO;
				GCC_NO_COMMON_BLOCKS = YES;
				GCC_OPTIMIZATION_LEVEL = 0;
				GCC_PREPROCESSOR_DEFINITIONS = (
					"DEBUG=1",
					"$(inherited)",
				);
				GCC_WARN_64_TO_32_BIT_CONVERSION = YES;
				GCC_WARN_ABOUT_RETURN_TYPE = YES_ERROR;
				GCC_WARN_UNDECLARED_SELECTOR = YES;
				GCC_WARN_UNINITIALIZED_AUTOS = YES_AGGRESSIVE;
				GCC_WARN_UNUSED_FUNCTION = YES;
				GCC_WARN_UNUSED_VARIABLE = YES;
				MTL_ENABLE_DEBUG_INFO = INCLUDE_SOURCE;
				MTL_FAST_MATH = YES;
				ONLY_ACTIVE_ARCH = YES;
				SWIFT_ACTIVE_COMPILATION_CONDITIONS = DEBUG;
				SWIFT_OPTIMIZATION_LEVEL = "-Onone";
			};
			name = Debug;
		};
		EBE755E9293E37DE00806B32 /* Release */ = {
			isa = XCBuildConfiguration;
			buildSettings = {
				ALWAYS_SEARCH_USER_PATHS = NO;
				CLANG_ANALYZER_NONNULL = YES;
				CLANG_ANALYZER_NUMBER_OBJECT_CONVERSION = YES_AGGRESSIVE;
				CLANG_CXX_LANGUAGE_STANDARD = "gnu++20";
				CLANG_ENABLE_MODULES = YES;
				CLANG_ENABLE_OBJC_ARC = YES;
				CLANG_ENABLE_OBJC_WEAK = YES;
				CLANG_WARN_BLOCK_CAPTURE_AUTORELEASING = YES;
				CLANG_WARN_BOOL_CONVERSION = YES;
				CLANG_WARN_COMMA = YES;
				CLANG_WARN_CONSTANT_CONVERSION = YES;
				CLANG_WARN_DEPRECATED_OBJC_IMPLEMENTATIONS = YES;
				CLANG_WARN_DIRECT_OBJC_ISA_USAGE = YES_ERROR;
				CLANG_WARN_DOCUMENTATION_COMMENTS = YES;
				CLANG_WARN_EMPTY_BODY = YES;
				CLANG_WARN_ENUM_CONVERSION = YES;
				CLANG_WARN_INFINITE_RECURSION = YES;
				CLANG_WARN_INT_CONVERSION = YES;
				CLANG_WARN_NON_LITERAL_NULL_CONVERSION = YES;
				CLANG_WARN_OBJC_IMPLICIT_RETAIN_SELF = YES;
				CLANG_WARN_OBJC_LITERAL_CONVERSION = YES;
				CLANG_WARN_OBJC_ROOT_CLASS = YES_ERROR;
				CLANG_WARN_QUOTED_INCLUDE_IN_FRAMEWORK_HEADER = YES;
				CLANG_WARN_RANGE_LOOP_ANALYSIS = YES;
				CLANG_WARN_STRICT_PROTOTYPES = YES;
				CLANG_WARN_SUSPICIOUS_MOVE = YES;
				CLANG_WARN_UNGUARDED_AVAILABILITY = YES_AGGRESSIVE;
				CLANG_WARN_UNREACHABLE_CODE = YES;
				CLANG_WARN__DUPLICATE_METHOD_MATCH = YES;
				COPY_PHASE_STRIP = NO;
				DEAD_CODE_STRIPPING = YES;
				DEBUG_INFORMATION_FORMAT = "dwarf-with-dsym";
				ENABLE_NS_ASSERTIONS = NO;
				ENABLE_STRICT_OBJC_MSGSEND = YES;
				ENABLE_USER_SCRIPT_SANDBOXING = YES;
				GCC_C_LANGUAGE_STANDARD = gnu11;
				GCC_NO_COMMON_BLOCKS = YES;
				GCC_WARN_64_TO_32_BIT_CONVERSION = YES;
				GCC_WARN_ABOUT_RETURN_TYPE = YES_ERROR;
				GCC_WARN_UNDECLARED_SELECTOR = YES;
				GCC_WARN_UNINITIALIZED_AUTOS = YES_AGGRESSIVE;
				GCC_WARN_UNUSED_FUNCTION = YES;
				GCC_WARN_UNUSED_VARIABLE = YES;
				MTL_ENABLE_DEBUG_INFO = NO;
				MTL_FAST_MATH = YES;
				SWIFT_COMPILATION_MODE = wholemodule;
				SWIFT_OPTIMIZATION_LEVEL = "-O";
			};
			name = Release;
		};
		EBE755EB293E37DE00806B32 /* Debug */ = {
			isa = XCBuildConfiguration;
			baseConfigurationReference = EBDD7DBA2976F03600C1C4B2 /* debug.xcconfig */;
			buildSettings = {
				ASSETCATALOG_COMPILER_APPICON_NAME = AppIcon;
				ASSETCATALOG_COMPILER_GLOBAL_ACCENT_COLOR_NAME = AccentColor;
				CODE_SIGN_ENTITLEMENTS = Diffusion/Diffusion.entitlements;
				CODE_SIGN_STYLE = Automatic;
				CURRENT_PROJECT_VERSION = 1;
				DEAD_CODE_STRIPPING = YES;
				DEVELOPMENT_ASSET_PATHS = "\"Diffusion/Preview Content\"";
				DEVELOPMENT_TEAM = 8JKVMYCRTJ;
				ENABLE_HARDENED_RUNTIME = YES;
				ENABLE_PREVIEWS = YES;
				GENERATE_INFOPLIST_FILE = YES;
				INFOPLIST_FILE = Diffusion/Info.plist;
				INFOPLIST_KEY_CFBundleDisplayName = Swingset;
				INFOPLIST_KEY_LSApplicationCategoryType = "public.app-category.photography";
				INFOPLIST_KEY_NSPhotoLibraryAddUsageDescription = "To be able to save generated images to your Photo Library, you’ll need to allow this.";
				"INFOPLIST_KEY_UIApplicationSceneManifest_Generation[sdk=iphoneos*]" = YES;
				"INFOPLIST_KEY_UIApplicationSceneManifest_Generation[sdk=iphonesimulator*]" = YES;
				"INFOPLIST_KEY_UIApplicationSupportsIndirectInputEvents[sdk=iphoneos*]" = YES;
				"INFOPLIST_KEY_UIApplicationSupportsIndirectInputEvents[sdk=iphonesimulator*]" = YES;
				"INFOPLIST_KEY_UILaunchScreen_Generation[sdk=iphoneos*]" = YES;
				"INFOPLIST_KEY_UILaunchScreen_Generation[sdk=iphonesimulator*]" = YES;
				"INFOPLIST_KEY_UIStatusBarStyle[sdk=iphoneos*]" = UIStatusBarStyleDefault;
				"INFOPLIST_KEY_UIStatusBarStyle[sdk=iphonesimulator*]" = UIStatusBarStyleDefault;
				INFOPLIST_KEY_UISupportedInterfaceOrientations = UIInterfaceOrientationPortrait;
				INFOPLIST_KEY_UISupportedInterfaceOrientations_iPad = "UIInterfaceOrientationLandscapeLeft UIInterfaceOrientationLandscapeRight UIInterfaceOrientationPortrait UIInterfaceOrientationPortraitUpsideDown";
				IPHONEOS_DEPLOYMENT_TARGET = 16.2;
				LD_RUNPATH_SEARCH_PATHS = "@executable_path/Frameworks";
				"LD_RUNPATH_SEARCH_PATHS[sdk=macosx*]" = "@executable_path/../Frameworks";
				MACOSX_DEPLOYMENT_TARGET = 13.1;
				PRODUCT_BUNDLE_IDENTIFIER = ca.bomberfish.Swingset;
				PRODUCT_NAME = "$(TARGET_NAME)";
				SDKROOT = auto;
				SUPPORTED_PLATFORMS = "iphoneos iphonesimulator";
				SUPPORTS_MACCATALYST = YES;
				SUPPORTS_MAC_DESIGNED_FOR_IPHONE_IPAD = NO;
				SWIFT_EMIT_LOC_STRINGS = YES;
				SWIFT_VERSION = 5.0;
				TARGETED_DEVICE_FAMILY = "1,2";
			};
			name = Debug;
		};
		EBE755EC293E37DE00806B32 /* Release */ = {
			isa = XCBuildConfiguration;
			baseConfigurationReference = EBE3FF4A295DFE2400E921AA /* common.xcconfig */;
			buildSettings = {
				ASSETCATALOG_COMPILER_APPICON_NAME = AppIcon;
				ASSETCATALOG_COMPILER_GLOBAL_ACCENT_COLOR_NAME = AccentColor;
				CODE_SIGN_ENTITLEMENTS = Diffusion/Diffusion.entitlements;
				CODE_SIGN_STYLE = Automatic;
				CURRENT_PROJECT_VERSION = 1;
				DEAD_CODE_STRIPPING = YES;
				DEVELOPMENT_ASSET_PATHS = "\"Diffusion/Preview Content\"";
				DEVELOPMENT_TEAM = 8JKVMYCRTJ;
				ENABLE_HARDENED_RUNTIME = YES;
				ENABLE_PREVIEWS = YES;
				GENERATE_INFOPLIST_FILE = YES;
				INFOPLIST_FILE = Diffusion/Info.plist;
				INFOPLIST_KEY_CFBundleDisplayName = Swingset;
				INFOPLIST_KEY_LSApplicationCategoryType = "public.app-category.photography";
				INFOPLIST_KEY_NSPhotoLibraryAddUsageDescription = "To be able to save generated images to your Photo Library, you’ll need to allow this.";
				"INFOPLIST_KEY_UIApplicationSceneManifest_Generation[sdk=iphoneos*]" = YES;
				"INFOPLIST_KEY_UIApplicationSceneManifest_Generation[sdk=iphonesimulator*]" = YES;
				"INFOPLIST_KEY_UIApplicationSupportsIndirectInputEvents[sdk=iphoneos*]" = YES;
				"INFOPLIST_KEY_UIApplicationSupportsIndirectInputEvents[sdk=iphonesimulator*]" = YES;
				"INFOPLIST_KEY_UILaunchScreen_Generation[sdk=iphoneos*]" = YES;
				"INFOPLIST_KEY_UILaunchScreen_Generation[sdk=iphonesimulator*]" = YES;
				"INFOPLIST_KEY_UIStatusBarStyle[sdk=iphoneos*]" = UIStatusBarStyleDefault;
				"INFOPLIST_KEY_UIStatusBarStyle[sdk=iphonesimulator*]" = UIStatusBarStyleDefault;
				INFOPLIST_KEY_UISupportedInterfaceOrientations = UIInterfaceOrientationPortrait;
				INFOPLIST_KEY_UISupportedInterfaceOrientations_iPad = "UIInterfaceOrientationLandscapeLeft UIInterfaceOrientationLandscapeRight UIInterfaceOrientationPortrait UIInterfaceOrientationPortraitUpsideDown";
				IPHONEOS_DEPLOYMENT_TARGET = 16.2;
				LD_RUNPATH_SEARCH_PATHS = "@executable_path/Frameworks";
				"LD_RUNPATH_SEARCH_PATHS[sdk=macosx*]" = "@executable_path/../Frameworks";
				MACOSX_DEPLOYMENT_TARGET = 13.1;
				PRODUCT_BUNDLE_IDENTIFIER = ca.bomberfish.Swingset;
				PRODUCT_NAME = "$(TARGET_NAME)";
				SDKROOT = auto;
				SUPPORTED_PLATFORMS = "iphoneos iphonesimulator";
				SUPPORTS_MACCATALYST = YES;
				SUPPORTS_MAC_DESIGNED_FOR_IPHONE_IPAD = NO;
				SWIFT_EMIT_LOC_STRINGS = YES;
				SWIFT_VERSION = 5.0;
				TARGETED_DEVICE_FAMILY = "1,2";
			};
			name = Release;
		};
		EBE755EE293E37DE00806B32 /* Debug */ = {
			isa = XCBuildConfiguration;
			buildSettings = {
				BUNDLE_LOADER = "$(TEST_HOST)";
				CODE_SIGN_STYLE = Automatic;
				CURRENT_PROJECT_VERSION = 1;
				DEAD_CODE_STRIPPING = YES;
				DEVELOPMENT_TEAM = ZWDJQ796RU;
				GENERATE_INFOPLIST_FILE = YES;
				IPHONEOS_DEPLOYMENT_TARGET = 16.1;
				MACOSX_DEPLOYMENT_TARGET = 13.0;
				MARKETING_VERSION = 1.0;
				PRODUCT_BUNDLE_IDENTIFIER = com.pcuenca.DiffusionTests;
				PRODUCT_NAME = "$(TARGET_NAME)";
				SDKROOT = auto;
				SUPPORTED_PLATFORMS = "iphoneos iphonesimulator macosx";
				SWIFT_EMIT_LOC_STRINGS = NO;
				SWIFT_VERSION = 5.0;
				TARGETED_DEVICE_FAMILY = "1,2";
				TEST_HOST = "$(BUILT_PRODUCTS_DIR)/Swingset.app/$(BUNDLE_EXECUTABLE_FOLDER_PATH)/Swingset";
			};
			name = Debug;
		};
		EBE755EF293E37DE00806B32 /* Release */ = {
			isa = XCBuildConfiguration;
			buildSettings = {
				BUNDLE_LOADER = "$(TEST_HOST)";
				CODE_SIGN_STYLE = Automatic;
				CURRENT_PROJECT_VERSION = 1;
				DEAD_CODE_STRIPPING = YES;
				DEVELOPMENT_TEAM = ZWDJQ796RU;
				GENERATE_INFOPLIST_FILE = YES;
				IPHONEOS_DEPLOYMENT_TARGET = 16.1;
				MACOSX_DEPLOYMENT_TARGET = 13.0;
				MARKETING_VERSION = 1.0;
				PRODUCT_BUNDLE_IDENTIFIER = com.pcuenca.DiffusionTests;
				PRODUCT_NAME = "$(TARGET_NAME)";
				SDKROOT = auto;
				SUPPORTED_PLATFORMS = "iphoneos iphonesimulator macosx";
				SWIFT_EMIT_LOC_STRINGS = NO;
				SWIFT_VERSION = 5.0;
				TARGETED_DEVICE_FAMILY = "1,2";
				TEST_HOST = "$(BUILT_PRODUCTS_DIR)/Swingset.app/$(BUNDLE_EXECUTABLE_FOLDER_PATH)/Swingset";
			};
			name = Release;
		};
		EBE755F1293E37DE00806B32 /* Debug */ = {
			isa = XCBuildConfiguration;
			buildSettings = {
				CODE_SIGN_STYLE = Automatic;
				CURRENT_PROJECT_VERSION = 1;
				DEAD_CODE_STRIPPING = YES;
				DEVELOPMENT_TEAM = ZWDJQ796RU;
				GENERATE_INFOPLIST_FILE = YES;
				IPHONEOS_DEPLOYMENT_TARGET = 16.1;
				MACOSX_DEPLOYMENT_TARGET = 13.0;
				MARKETING_VERSION = 1.0;
				PRODUCT_BUNDLE_IDENTIFIER = com.pcuenca.DiffusionUITests;
				PRODUCT_NAME = "$(TARGET_NAME)";
				SDKROOT = auto;
				SUPPORTED_PLATFORMS = "iphoneos iphonesimulator macosx";
				SWIFT_EMIT_LOC_STRINGS = NO;
				SWIFT_VERSION = 5.0;
				TARGETED_DEVICE_FAMILY = "1,2";
				TEST_TARGET_NAME = Diffusion;
			};
			name = Debug;
		};
		EBE755F2293E37DE00806B32 /* Release */ = {
			isa = XCBuildConfiguration;
			buildSettings = {
				CODE_SIGN_STYLE = Automatic;
				CURRENT_PROJECT_VERSION = 1;
				DEAD_CODE_STRIPPING = YES;
				DEVELOPMENT_TEAM = ZWDJQ796RU;
				GENERATE_INFOPLIST_FILE = YES;
				IPHONEOS_DEPLOYMENT_TARGET = 16.1;
				MACOSX_DEPLOYMENT_TARGET = 13.0;
				MARKETING_VERSION = 1.0;
				PRODUCT_BUNDLE_IDENTIFIER = com.pcuenca.DiffusionUITests;
				PRODUCT_NAME = "$(TARGET_NAME)";
				SDKROOT = auto;
				SUPPORTED_PLATFORMS = "iphoneos iphonesimulator macosx";
				SWIFT_EMIT_LOC_STRINGS = NO;
				SWIFT_VERSION = 5.0;
				TARGETED_DEVICE_FAMILY = "1,2";
				TEST_TARGET_NAME = Diffusion;
			};
			name = Release;
		};
/* End XCBuildConfiguration section */

/* Begin XCConfigurationList section */
		EBE755C0293E37DD00806B32 /* Build configuration list for PBXProject "Swingset" */ = {
			isa = XCConfigurationList;
			buildConfigurations = (
				EBE755E8293E37DE00806B32 /* Debug */,
				EBE755E9293E37DE00806B32 /* Release */,
			);
			defaultConfigurationIsVisible = 0;
			defaultConfigurationName = Release;
		};
		EBE755EA293E37DE00806B32 /* Build configuration list for PBXNativeTarget "Swingset" */ = {
			isa = XCConfigurationList;
			buildConfigurations = (
				EBE755EB293E37DE00806B32 /* Debug */,
				EBE755EC293E37DE00806B32 /* Release */,
			);
			defaultConfigurationIsVisible = 0;
			defaultConfigurationName = Release;
		};
		EBE755ED293E37DE00806B32 /* Build configuration list for PBXNativeTarget "SwingsetTests" */ = {
			isa = XCConfigurationList;
			buildConfigurations = (
				EBE755EE293E37DE00806B32 /* Debug */,
				EBE755EF293E37DE00806B32 /* Release */,
			);
			defaultConfigurationIsVisible = 0;
			defaultConfigurationName = Release;
		};
		EBE755F0293E37DE00806B32 /* Build configuration list for PBXNativeTarget "SwingsetUITests" */ = {
			isa = XCConfigurationList;
			buildConfigurations = (
				EBE755F1293E37DE00806B32 /* Debug */,
				EBE755F2293E37DE00806B32 /* Release */,
			);
			defaultConfigurationIsVisible = 0;
			defaultConfigurationName = Release;
		};
/* End XCConfigurationList section */

/* Begin XCRemoteSwiftPackageReference section */
		D6046BC82D1783D60095B686 /* XCRemoteSwiftPackageReference "ZIPFoundation" */ = {
			isa = XCRemoteSwiftPackageReference;
			repositoryURL = "https://github.com/weichsel/ZIPFoundation";
			requirement = {
				kind = upToNextMajorVersion;
				minimumVersion = 0.9.19;
			};
		};
		D6046BCB2D17842F0095B686 /* XCRemoteSwiftPackageReference "ml-stable-diffusion" */ = {
			isa = XCRemoteSwiftPackageReference;
			repositoryURL = "https://github.com/apple/ml-stable-diffusion";
			requirement = {
				branch = main;
				kind = branch;
			};
		};
		D6046BCE2D1784840095B686 /* XCRemoteSwiftPackageReference "ColorfulX" */ = {
			isa = XCRemoteSwiftPackageReference;
			repositoryURL = "https://github.com/Lakr233/ColorfulX";
			requirement = {
				kind = upToNextMajorVersion;
				minimumVersion = 5.5.2;
			};
		};
		F155203A297118E600DC009B /* XCRemoteSwiftPackageReference "CompactSlider" */ = {
			isa = XCRemoteSwiftPackageReference;
			repositoryURL = "https://github.com/buh/CompactSlider.git";
			requirement = {
				branch = main;
				kind = branch;
			};
		};
/* End XCRemoteSwiftPackageReference section */

/* Begin XCSwiftPackageProductDependency section */
		D6046BC92D1783D60095B686 /* ZIPFoundation */ = {
			isa = XCSwiftPackageProductDependency;
			package = D6046BC82D1783D60095B686 /* XCRemoteSwiftPackageReference "ZIPFoundation" */;
			productName = ZIPFoundation;
		};
		D6046BCC2D17842F0095B686 /* StableDiffusion */ = {
			isa = XCSwiftPackageProductDependency;
			package = D6046BCB2D17842F0095B686 /* XCRemoteSwiftPackageReference "ml-stable-diffusion" */;
			productName = StableDiffusion;
		};
		D6046BCF2D1784840095B686 /* ColorfulX */ = {
			isa = XCSwiftPackageProductDependency;
			package = D6046BCE2D1784840095B686 /* XCRemoteSwiftPackageReference "ColorfulX" */;
			productName = ColorfulX;
		};
		EBF61AB22A2F976600482CF3 /* StableDiffusion */ = {
			isa = XCSwiftPackageProductDependency;
			productName = StableDiffusion;
		};
/* End XCSwiftPackageProductDependency section */
	};
	rootObject = EBE755BD293E37DD00806B32 /* Project object */;
}
